
Microsoft Visual Studio Solution File, Format Version 12.00
# Visual Studio Version 17
VisualStudioVersion = 17.8.34525.116
MinimumVisualStudioVersion = 10.0.40219.1
Project("{2150E333-8FDC-42A3-9474-1A3956D46DE8}") = "Business", "Business", "{E18C0831-AD1A-437D-A6B9-5458229F2E13}"
EndProject
Project("{2150E333-8FDC-42A3-9474-1A3956D46DE8}") = "DataAccess", "DataAccess", "{6C5FBB43-74A0-4366-AE0B-D773A5FF4E83}"
EndProject
Project("{2150E333-8FDC-42A3-9474-1A3956D46DE8}") = "Entity", "Entity", "{DA44B791-7032-4293-A0F0-3DE3CD7F6ADC}"
EndProject
Project("{FAE04EC0-301F-11D3-BF4B-00C04F79EFBC}") = "API", "API\API.csproj", "{6DA0BB32-9A47-4979-81E6-C82656BCE820}"
EndProject
Project("{2150E333-8FDC-42A3-9474-1A3956D46DE8}") = "Concrete", "Concrete", "{991C3C45-29E5-4B2D-89CA-5E8A5CD5F7B5}"
EndProject
Project("{2150E333-8FDC-42A3-9474-1A3956D46DE8}") = "Abstract", "Abstract", "{DF3209E0-1D22-46E3-AB0E-C364047CC983}"
EndProject
Project("{2150E333-8FDC-42A3-9474-1A3956D46DE8}") = "Abstract", "Abstract", "{14BA4C6E-228A-4AC2-B7E3-9917D0C7DE62}"
EndProject
Project("{2150E333-8FDC-42A3-9474-1A3956D46DE8}") = "Concrete", "Concrete", "{D0DEC853-B4B0-40B6-A86C-942E41E2EA37}"
EndProject
Project("{2150E333-8FDC-42A3-9474-1A3956D46DE8}") = "Abstract", "Abstract", "{FE61F881-6CB5-463F-B821-15A36E86DFF0}"
EndProject
Project("{2150E333-8FDC-42A3-9474-1A3956D46DE8}") = "Concrete", "Concrete", "{4007DCA6-619B-47EA-A67F-961E2F131249}"
EndProject
Global
	GlobalSection(SolutionConfigurationPlatforms) = preSolution
		Debug|Any CPU = Debug|Any CPU
		Release|Any CPU = Release|Any CPU
	EndGlobalSection
	GlobalSection(ProjectConfigurationPlatforms) = postSolution
		{6DA0BB32-9A47-4979-81E6-C82656BCE820}.Debug|Any CPU.ActiveCfg = Debug|Any CPU
		{6DA0BB32-9A47-4979-81E6-C82656BCE820}.Debug|Any CPU.Build.0 = Debug|Any CPU
		{6DA0BB32-9A47-4979-81E6-C82656BCE820}.Release|Any CPU.ActiveCfg = Release|Any CPU
		{6DA0BB32-9A47-4979-81E6-C82656BCE820}.Release|Any CPU.Build.0 = Release|Any CPU
	EndGlobalSection
	GlobalSection(SolutionProperties) = preSolution
		HideSolutionNode = FALSE
	EndGlobalSection
	GlobalSection(NestedProjects) = preSolution
		{991C3C45-29E5-4B2D-89CA-5E8A5CD5F7B5} = {E18C0831-AD1A-437D-A6B9-5458229F2E13}
		{DF3209E0-1D22-46E3-AB0E-C364047CC983} = {E18C0831-AD1A-437D-A6B9-5458229F2E13}
		{14BA4C6E-228A-4AC2-B7E3-9917D0C7DE62} = {6C5FBB43-74A0-4366-AE0B-D773A5FF4E83}
		{D0DEC853-B4B0-40B6-A86C-942E41E2EA37} = {6C5FBB43-74A0-4366-AE0B-D773A5FF4E83}
		{FE61F881-6CB5-463F-B821-15A36E86DFF0} = {DA44B791-7032-4293-A0F0-3DE3CD7F6ADC}
		{4007DCA6-619B-47EA-A67F-961E2F131249} = {DA44B791-7032-4293-A0F0-3DE3CD7F6ADC}
	EndGlobalSection
	GlobalSection(ExtensibilityGlobals) = postSolution
		SolutionGuid = {797A3E5B-89BA-4F73-A1E8-F50B41AC3676}
	EndGlobalSection
EndGlobal
